{
  "version": 4,
  "terraform_version": "1.11.3",
  "serial": 15,
  "lineage": "7c88ffa2-a225-c809-5fdb-2c2f92be5ca9",
  "outputs": {},
  "resources": [
    {
      "mode": "managed",
      "type": "local_file",
      "name": "Pravash",
      "provider": "provider[\"registry.terraform.io/hashicorp/local\"]",
      "instances": [
        {
          "schema_version": 0,
          "attributes": {
            "content": "Please use this auto generated password",
            "content_base64": null,
            "content_base64sha256": "wJOV2/2M2q/8BPiAhPZcwXGXUOF75/rUoO8CHUOKYHc=",
            "content_base64sha512": "7S/eaUJqPfZxv+5ppli1dlVhOaJ5DOoUe4xrhZ1ZUzddSgzxaLdbniq+OdTxM/xXlwIyvawDOFPN2BvXhzJKMA==",
            "content_md5": "d10ba782254858cc2b93850927f0b1f2",
            "content_sha1": "624a36923f61ff878db18ee7b5b4daa02946eb24",
            "content_sha256": "c09395dbfd8cdaaffc04f88084f65cc1719750e17be7fad4a0ef021d438a6077",
            "content_sha512": "ed2fde69426a3df671bfee69a658b576556139a2790cea147b8c6b859d5953375d4a0cf168b75b9e2abe39d4f133fc57970232bdac033853cdd81bd787324a30",
            "directory_permission": "0777",
            "file_permission": "0777",
            "filename": "Password.txt",
            "id": "624a36923f61ff878db18ee7b5b4daa02946eb24",
            "sensitive_content": null,
            "source": null
          },
          "sensitive_attributes": [
            [
              {
                "type": "get_attr",
                "value": "sensitive_content"
              }
            ]
          ]
        }
      ]
    },
    {
      "mode": "managed",
      "type": "random_password",
      "name": "password",
      "provider": "provider[\"registry.terraform.io/hashicorp/random\"]",
      "instances": [
        {
          "schema_version": 3,
          "attributes": {
            "bcrypt_hash": "$2a$10$bbKcxsN9am2MTDZxEUeuqeE9D.SmCf5mbwcOrppwgP55x95cfQvLa",
            "id": "none",
            "keepers": null,
            "length": 16,
            "lower": false,
            "min_lower": 0,
            "min_numeric": 0,
            "min_special": 0,
            "min_upper": 0,
            "number": true,
            "numeric": true,
            "override_special": null,
            "result": "+{=7-V*6EP3-:2#+",
            "special": true,
            "upper": true
          },
          "sensitive_attributes": [
            [
              {
                "type": "get_attr",
                "value": "result"
              }
            ],
            [
              {
                "type": "get_attr",
                "value": "bcrypt_hash"
              }
            ]
          ]
        }
      ]
    }
  ],
  "check_results": null
}
